
Microsoft Visual Studio Solution File, Format Version 12.00
# Visual Studio Version 16
VisualStudioVersion = 25.0.1703.1
MinimumVisualStudioVersion = 10.0.40219.1
Project("{FAE04EC0-301F-11D3-BF4B-00C04F79EFBC}") = "MarsRovers", "MarsRovers\MarsRovers.csproj", "{3A9BE688-D59F-4D1F-971C-FD70E78F010D}"
EndProject
Global
	GlobalSection(SolutionConfigurationPlatforms) = preSolution
		Debug|Any CPU = Debug|Any CPU
		Release|Any CPU = Release|Any CPU
	EndGlobalSection
	GlobalSection(ProjectConfigurationPlatforms) = postSolution
		{3A9BE688-D59F-4D1F-971C-FD70E78F010D}.Debug|Any CPU.ActiveCfg = Debug|Any CPU
		{3A9BE688-D59F-4D1F-971C-FD70E78F010D}.Debug|Any CPU.Build.0 = Debug|Any CPU
		{3A9BE688-D59F-4D1F-971C-FD70E78F010D}.Release|Any CPU.ActiveCfg = Release|Any CPU
		{3A9BE688-D59F-4D1F-971C-FD70E78F010D}.Release|Any CPU.Build.0 = Release|Any CPU
	EndGlobalSection
	GlobalSection(SolutionProperties) = preSolution
		HideSolutionNode = FALSE
	EndGlobalSection
	GlobalSection(ExtensibilityGlobals) = postSolution
		SolutionGuid = {D720287F-0284-45B7-8589-91E2E69F6760}
	EndGlobalSection
EndGlobal
